
Microsoft Visual Studio Solution File, Format Version 12.00
# Visual Studio Version 17
VisualStudioVersion = 17.7.34003.232
MinimumVisualStudioVersion = 10.0.40219.1
Project("{FAE04EC0-301F-11D3-BF4B-00C04F79EFBC}") = "GKLab2", "GKLab2\GKLab2.csproj", "{EE0B3A42-3269-416A-A9A7-7718284F16AB}"
EndProject
Global
	GlobalSection(SolutionConfigurationPlatforms) = preSolution
		Debug|Any CPU = Debug|Any CPU
		Release|Any CPU = Release|Any CPU
	EndGlobalSection
	GlobalSection(ProjectConfigurationPlatforms) = postSolution
		{EE0B3A42-3269-416A-A9A7-7718284F16AB}.Debug|Any CPU.ActiveCfg = Debug|Any CPU
		{EE0B3A42-3269-416A-A9A7-7718284F16AB}.Debug|Any CPU.Build.0 = Debug|Any CPU
		{EE0B3A42-3269-416A-A9A7-7718284F16AB}.Release|Any CPU.ActiveCfg = Release|Any CPU
		{EE0B3A42-3269-416A-A9A7-7718284F16AB}.Release|Any CPU.Build.0 = Release|Any CPU
	EndGlobalSection
	GlobalSection(SolutionProperties) = preSolution
		HideSolutionNode = FALSE
	EndGlobalSection
	GlobalSection(ExtensibilityGlobals) = postSolution
		SolutionGuid = {BCAF6253-BA95-43C0-B3A2-5D644B1FE037}
	EndGlobalSection
EndGlobal
